
Microsoft Visual Studio Solution File, Format Version 12.00
# Visual Studio Version 17
VisualStudioVersion = 17.3.32804.467
MinimumVisualStudioVersion = 10.0.40219.1
Project("{FAE04EC0-301F-11D3-BF4B-00C04F79EFBC}") = "ENSEK", "ENSEK - JC\ENSEK.csproj", "{9819DCFA-87AB-4586-B855-F1C24CAAE4D0}"
EndProject
Global
	GlobalSection(SolutionConfigurationPlatforms) = preSolution
		Debug|Any CPU = Debug|Any CPU
		Release|Any CPU = Release|Any CPU
	EndGlobalSection
	GlobalSection(ProjectConfigurationPlatforms) = postSolution
		{9819DCFA-87AB-4586-B855-F1C24CAAE4D0}.Debug|Any CPU.ActiveCfg = Debug|Any CPU
		{9819DCFA-87AB-4586-B855-F1C24CAAE4D0}.Debug|Any CPU.Build.0 = Debug|Any CPU
		{9819DCFA-87AB-4586-B855-F1C24CAAE4D0}.Release|Any CPU.ActiveCfg = Release|Any CPU
		{9819DCFA-87AB-4586-B855-F1C24CAAE4D0}.Release|Any CPU.Build.0 = Release|Any CPU
	EndGlobalSection
	GlobalSection(SolutionProperties) = preSolution
		HideSolutionNode = FALSE
	EndGlobalSection
	GlobalSection(ExtensibilityGlobals) = postSolution
		SolutionGuid = {3A376788-9DAE-4CA7-A2BF-F2695963EB82}
	EndGlobalSection
EndGlobal
